// !$*UTF8*$!
{
	archiveVersion = 1;
	classes = {
	};
	objectVersion = 56;
	objects = {

/* Begin PBXBuildFile section */
		9A6BDC2A28D5AD7A007EB9F9 /* dropInApp.swift in Sources */ = {isa = PBXBuildFile; fileRef = 9A6BDC2928D5AD7A007EB9F9 /* dropInApp.swift */; };
		9A6BDC2C28D5AD7A007EB9F9 /* ContentView.swift in Sources */ = {isa = PBXBuildFile; fileRef = 9A6BDC2B28D5AD7A007EB9F9 /* ContentView.swift */; };
		9A6BDC2E28D5AD7B007EB9F9 /* Assets.xcassets in Resources */ = {isa = PBXBuildFile; fileRef = 9A6BDC2D28D5AD7B007EB9F9 /* Assets.xcassets */; };
		9A6BDC3228D5AD7B007EB9F9 /* Preview Assets.xcassets in Resources */ = {isa = PBXBuildFile; fileRef = 9A6BDC3128D5AD7B007EB9F9 /* Preview Assets.xcassets */; };
		9A6BDC3C28D5AD7B007EB9F9 /* dropInTests.swift in Sources */ = {isa = PBXBuildFile; fileRef = 9A6BDC3B28D5AD7B007EB9F9 /* dropInTests.swift */; };
		9A6BDC4628D5AD7B007EB9F9 /* dropInUITests.swift in Sources */ = {isa = PBXBuildFile; fileRef = 9A6BDC4528D5AD7B007EB9F9 /* dropInUITests.swift */; };
		9A6BDC4828D5AD7B007EB9F9 /* dropInUITestsLaunchTests.swift in Sources */ = {isa = PBXBuildFile; fileRef = 9A6BDC4728D5AD7B007EB9F9 /* dropInUITestsLaunchTests.swift */; };
		9A6BDC5528D83213007EB9F9 /* WelcomeView.swift in Sources */ = {isa = PBXBuildFile; fileRef = 9A6BDC5428D83213007EB9F9 /* WelcomeView.swift */; };
		9ACDD67D28DB9E5E00A150CD /* GoogleService-Info.plist in Resources */ = {isa = PBXBuildFile; fileRef = 9ACDD67C28DB9E5E00A150CD /* GoogleService-Info.plist */; };
		9ACDD68028DBA06900A150CD /* FirebaseAnalytics in Frameworks */ = {isa = PBXBuildFile; productRef = 9ACDD67F28DBA06900A150CD /* FirebaseAnalytics */; };
		9ACDD68228DBA06900A150CD /* FirebaseAuth in Frameworks */ = {isa = PBXBuildFile; productRef = 9ACDD68128DBA06900A150CD /* FirebaseAuth */; };
		9ACDD68428DBA06900A150CD /* FirebaseDatabase in Frameworks */ = {isa = PBXBuildFile; productRef = 9ACDD68328DBA06900A150CD /* FirebaseDatabase */; };
		9ACDD68628DBA06900A150CD /* FirebaseFirestore in Frameworks */ = {isa = PBXBuildFile; productRef = 9ACDD68528DBA06900A150CD /* FirebaseFirestore */; };
		9ACDD68828DBA06900A150CD /* FirebaseStorage in Frameworks */ = {isa = PBXBuildFile; productRef = 9ACDD68728DBA06900A150CD /* FirebaseStorage */; };
		9ACDD68B28DBAA3D00A150CD /* SwiftUISegues in Frameworks */ = {isa = PBXBuildFile; productRef = 9ACDD68A28DBAA3D00A150CD /* SwiftUISegues */; };
		9ACDD68D28DBAC2100A150CD /* LoginView.swift in Sources */ = {isa = PBXBuildFile; fileRef = 9ACDD68C28DBAC2100A150CD /* LoginView.swift */; };
		9ACDD68E28DBAC2100A150CD /* LoginView.swift in Sources */ = {isa = PBXBuildFile; fileRef = 9ACDD68C28DBAC2100A150CD /* LoginView.swift */; };
		9ACDD68F28DBAC2100A150CD /* LoginView.swift in Sources */ = {isa = PBXBuildFile; fileRef = 9ACDD68C28DBAC2100A150CD /* LoginView.swift */; };
		9ACDD69528DD77DF00A150CD /* SignupView.swift in Sources */ = {isa = PBXBuildFile; fileRef = 9ACDD69428DD77DF00A150CD /* SignupView.swift */; };
		9ACDD69628DD77DF00A150CD /* SignupView.swift in Sources */ = {isa = PBXBuildFile; fileRef = 9ACDD69428DD77DF00A150CD /* SignupView.swift */; };
		9ACDD69728DD77DF00A150CD /* SignupView.swift in Sources */ = {isa = PBXBuildFile; fileRef = 9ACDD69428DD77DF00A150CD /* SignupView.swift */; };
		9ACDD69A28E5384500A150CD /* User.swift in Sources */ = {isa = PBXBuildFile; fileRef = 9ACDD69928E5384500A150CD /* User.swift */; };
		9ACDD69D28E5473C00A150CD /* ProfileView.swift in Sources */ = {isa = PBXBuildFile; fileRef = 9ACDD69C28E5473C00A150CD /* ProfileView.swift */; };
		9ACDD69E28E5473C00A150CD /* ProfileView.swift in Sources */ = {isa = PBXBuildFile; fileRef = 9ACDD69C28E5473C00A150CD /* ProfileView.swift */; };
		9ACDD69F28E5473C00A150CD /* ProfileView.swift in Sources */ = {isa = PBXBuildFile; fileRef = 9ACDD69C28E5473C00A150CD /* ProfileView.swift */; };
		9ACDD6A128E547AD00A150CD /* MainView.swift in Sources */ = {isa = PBXBuildFile; fileRef = 9ACDD6A028E547AD00A150CD /* MainView.swift */; };
		9ACDD6A228E547AD00A150CD /* MainView.swift in Sources */ = {isa = PBXBuildFile; fileRef = 9ACDD6A028E547AD00A150CD /* MainView.swift */; };
		9ACDD6A328E547AD00A150CD /* MainView.swift in Sources */ = {isa = PBXBuildFile; fileRef = 9ACDD6A028E547AD00A150CD /* MainView.swift */; };
		9ACDD6A528E547D300A150CD /* HomeView.swift in Sources */ = {isa = PBXBuildFile; fileRef = 9ACDD6A428E547D300A150CD /* HomeView.swift */; };
		9ACDD6A628E547D300A150CD /* HomeView.swift in Sources */ = {isa = PBXBuildFile; fileRef = 9ACDD6A428E547D300A150CD /* HomeView.swift */; };
		9ACDD6A728E547D300A150CD /* HomeView.swift in Sources */ = {isa = PBXBuildFile; fileRef = 9ACDD6A428E547D300A150CD /* HomeView.swift */; };
		9ACDD6A928E5531F00A150CD /* CardView.swift in Sources */ = {isa = PBXBuildFile; fileRef = 9ACDD6A828E5531F00A150CD /* CardView.swift */; };
		9ACDD6AA28E5531F00A150CD /* CardView.swift in Sources */ = {isa = PBXBuildFile; fileRef = 9ACDD6A828E5531F00A150CD /* CardView.swift */; };
		9ACDD6AB28E5531F00A150CD /* CardView.swift in Sources */ = {isa = PBXBuildFile; fileRef = 9ACDD6A828E5531F00A150CD /* CardView.swift */; };
		9ACDD6AD28E5533E00A150CD /* Card.swift in Sources */ = {isa = PBXBuildFile; fileRef = 9ACDD6AC28E5533E00A150CD /* Card.swift */; };
		9ACDD6AE28E5533E00A150CD /* Card.swift in Sources */ = {isa = PBXBuildFile; fileRef = 9ACDD6AC28E5533E00A150CD /* Card.swift */; };
		9ACDD6AF28E5533E00A150CD /* Card.swift in Sources */ = {isa = PBXBuildFile; fileRef = 9ACDD6AC28E5533E00A150CD /* Card.swift */; };
		9ACDD6B128E572B000A150CD /* AuthManager.swift in Sources */ = {isa = PBXBuildFile; fileRef = 9ACDD6B028E572B000A150CD /* AuthManager.swift */; };
		9ACDD6B228E572B000A150CD /* AuthManager.swift in Sources */ = {isa = PBXBuildFile; fileRef = 9ACDD6B028E572B000A150CD /* AuthManager.swift */; };
		9ACDD6B328E572B000A150CD /* AuthManager.swift in Sources */ = {isa = PBXBuildFile; fileRef = 9ACDD6B028E572B000A150CD /* AuthManager.swift */; };
		9ACDD6B528E672D500A150CD /* NearbyView.swift in Sources */ = {isa = PBXBuildFile; fileRef = 9ACDD6B428E672D500A150CD /* NearbyView.swift */; };
		9ACDD6B628E672D500A150CD /* NearbyView.swift in Sources */ = {isa = PBXBuildFile; fileRef = 9ACDD6B428E672D500A150CD /* NearbyView.swift */; };
		9ACDD6B728E672D500A150CD /* NearbyView.swift in Sources */ = {isa = PBXBuildFile; fileRef = 9ACDD6B428E672D500A150CD /* NearbyView.swift */; };
/* End PBXBuildFile section */

/* Begin PBXContainerItemProxy section */
		9A6BDC3828D5AD7B007EB9F9 /* PBXContainerItemProxy */ = {
			isa = PBXContainerItemProxy;
			containerPortal = 9A6BDC1E28D5AD7A007EB9F9 /* Project object */;
			proxyType = 1;
			remoteGlobalIDString = 9A6BDC2528D5AD7A007EB9F9;
			remoteInfo = dropIn;
		};
		9A6BDC4228D5AD7B007EB9F9 /* PBXContainerItemProxy */ = {
			isa = PBXContainerItemProxy;
			containerPortal = 9A6BDC1E28D5AD7A007EB9F9 /* Project object */;
			proxyType = 1;
			remoteGlobalIDString = 9A6BDC2528D5AD7A007EB9F9;
			remoteInfo = dropIn;
		};
/* End PBXContainerItemProxy section */

/* Begin PBXFileReference section */
		9A6BDC2628D5AD7A007EB9F9 /* dropIn.app */ = {isa = PBXFileReference; explicitFileType = wrapper.application; includeInIndex = 0; path = dropIn.app; sourceTree = BUILT_PRODUCTS_DIR; };
		9A6BDC2928D5AD7A007EB9F9 /* dropInApp.swift */ = {isa = PBXFileReference; lastKnownFileType = sourcecode.swift; path = dropInApp.swift; sourceTree = "<group>"; };
		9A6BDC2B28D5AD7A007EB9F9 /* ContentView.swift */ = {isa = PBXFileReference; lastKnownFileType = sourcecode.swift; path = ContentView.swift; sourceTree = "<group>"; };
		9A6BDC2D28D5AD7B007EB9F9 /* Assets.xcassets */ = {isa = PBXFileReference; lastKnownFileType = folder.assetcatalog; path = Assets.xcassets; sourceTree = "<group>"; };
		9A6BDC2F28D5AD7B007EB9F9 /* dropIn.entitlements */ = {isa = PBXFileReference; lastKnownFileType = text.plist.entitlements; path = dropIn.entitlements; sourceTree = "<group>"; };
		9A6BDC3128D5AD7B007EB9F9 /* Preview Assets.xcassets */ = {isa = PBXFileReference; lastKnownFileType = folder.assetcatalog; path = "Preview Assets.xcassets"; sourceTree = "<group>"; };
		9A6BDC3728D5AD7B007EB9F9 /* dropInTests.xctest */ = {isa = PBXFileReference; explicitFileType = wrapper.cfbundle; includeInIndex = 0; path = dropInTests.xctest; sourceTree = BUILT_PRODUCTS_DIR; };
		9A6BDC3B28D5AD7B007EB9F9 /* dropInTests.swift */ = {isa = PBXFileReference; lastKnownFileType = sourcecode.swift; path = dropInTests.swift; sourceTree = "<group>"; };
		9A6BDC4128D5AD7B007EB9F9 /* dropInUITests.xctest */ = {isa = PBXFileReference; explicitFileType = wrapper.cfbundle; includeInIndex = 0; path = dropInUITests.xctest; sourceTree = BUILT_PRODUCTS_DIR; };
		9A6BDC4528D5AD7B007EB9F9 /* dropInUITests.swift */ = {isa = PBXFileReference; lastKnownFileType = sourcecode.swift; path = dropInUITests.swift; sourceTree = "<group>"; };
		9A6BDC4728D5AD7B007EB9F9 /* dropInUITestsLaunchTests.swift */ = {isa = PBXFileReference; lastKnownFileType = sourcecode.swift; path = dropInUITestsLaunchTests.swift; sourceTree = "<group>"; };
		9A6BDC5428D83213007EB9F9 /* WelcomeView.swift */ = {isa = PBXFileReference; lastKnownFileType = sourcecode.swift; path = WelcomeView.swift; sourceTree = "<group>"; };
		9ACDD67C28DB9E5E00A150CD /* GoogleService-Info.plist */ = {isa = PBXFileReference; fileEncoding = 4; lastKnownFileType = text.plist.xml; path = "GoogleService-Info.plist"; sourceTree = "<group>"; };
		9ACDD68C28DBAC2100A150CD /* LoginView.swift */ = {isa = PBXFileReference; lastKnownFileType = sourcecode.swift; path = LoginView.swift; sourceTree = "<group>"; };
		9ACDD69428DD77DF00A150CD /* SignupView.swift */ = {isa = PBXFileReference; lastKnownFileType = sourcecode.swift; path = SignupView.swift; sourceTree = "<group>"; };
		9ACDD69928E5384500A150CD /* User.swift */ = {isa = PBXFileReference; lastKnownFileType = sourcecode.swift; path = User.swift; sourceTree = "<group>"; };
		9ACDD69C28E5473C00A150CD /* ProfileView.swift */ = {isa = PBXFileReference; lastKnownFileType = sourcecode.swift; path = ProfileView.swift; sourceTree = "<group>"; };
		9ACDD6A028E547AD00A150CD /* MainView.swift */ = {isa = PBXFileReference; lastKnownFileType = sourcecode.swift; path = MainView.swift; sourceTree = "<group>"; };
		9ACDD6A428E547D300A150CD /* HomeView.swift */ = {isa = PBXFileReference; lastKnownFileType = sourcecode.swift; path = HomeView.swift; sourceTree = "<group>"; };
		9ACDD6A828E5531F00A150CD /* CardView.swift */ = {isa = PBXFileReference; lastKnownFileType = sourcecode.swift; path = CardView.swift; sourceTree = "<group>"; };
		9ACDD6AC28E5533E00A150CD /* Card.swift */ = {isa = PBXFileReference; lastKnownFileType = sourcecode.swift; path = Card.swift; sourceTree = "<group>"; };
		9ACDD6B028E572B000A150CD /* AuthManager.swift */ = {isa = PBXFileReference; lastKnownFileType = sourcecode.swift; path = AuthManager.swift; sourceTree = "<group>"; };
		9ACDD6B428E672D500A150CD /* NearbyView.swift */ = {isa = PBXFileReference; lastKnownFileType = sourcecode.swift; path = NearbyView.swift; sourceTree = "<group>"; };
/* End PBXFileReference section */

/* Begin PBXFrameworksBuildPhase section */
		9A6BDC2328D5AD7A007EB9F9 /* Frameworks */ = {
			isa = PBXFrameworksBuildPhase;
			buildActionMask = 2147483647;
			files = (
				9ACDD68B28DBAA3D00A150CD /* SwiftUISegues in Frameworks */,
				9ACDD68428DBA06900A150CD /* FirebaseDatabase in Frameworks */,
				9ACDD68628DBA06900A150CD /* FirebaseFirestore in Frameworks */,
				9ACDD68028DBA06900A150CD /* FirebaseAnalytics in Frameworks */,
				9ACDD68828DBA06900A150CD /* FirebaseStorage in Frameworks */,
				9ACDD68228DBA06900A150CD /* FirebaseAuth in Frameworks */,
			);
			runOnlyForDeploymentPostprocessing = 0;
		};
		9A6BDC3428D5AD7B007EB9F9 /* Frameworks */ = {
			isa = PBXFrameworksBuildPhase;
			buildActionMask = 2147483647;
			files = (
			);
			runOnlyForDeploymentPostprocessing = 0;
		};
		9A6BDC3E28D5AD7B007EB9F9 /* Frameworks */ = {
			isa = PBXFrameworksBuildPhase;
			buildActionMask = 2147483647;
			files = (
			);
			runOnlyForDeploymentPostprocessing = 0;
		};
/* End PBXFrameworksBuildPhase section */

/* Begin PBXGroup section */
		9A6BDC1D28D5AD7A007EB9F9 = {
			isa = PBXGroup;
			children = (
				9A6BDC2828D5AD7A007EB9F9 /* dropIn */,
				9A6BDC3A28D5AD7B007EB9F9 /* dropInTests */,
				9A6BDC4428D5AD7B007EB9F9 /* dropInUITests */,
				9A6BDC2728D5AD7A007EB9F9 /* Products */,
			);
			sourceTree = "<group>";
		};
		9A6BDC2728D5AD7A007EB9F9 /* Products */ = {
			isa = PBXGroup;
			children = (
				9A6BDC2628D5AD7A007EB9F9 /* dropIn.app */,
				9A6BDC3728D5AD7B007EB9F9 /* dropInTests.xctest */,
				9A6BDC4128D5AD7B007EB9F9 /* dropInUITests.xctest */,
			);
			name = Products;
			sourceTree = "<group>";
		};
		9A6BDC2828D5AD7A007EB9F9 /* dropIn */ = {
			isa = PBXGroup;
			children = (
				9A6BDC2928D5AD7A007EB9F9 /* dropInApp.swift */,
				9ACDD69B28E538B800A150CD /* View */,
				9ACDD69828E5383000A150CD /* Model */,
				9ACDD67C28DB9E5E00A150CD /* GoogleService-Info.plist */,
				9A6BDC2D28D5AD7B007EB9F9 /* Assets.xcassets */,
				9A6BDC2F28D5AD7B007EB9F9 /* dropIn.entitlements */,
				9A6BDC3028D5AD7B007EB9F9 /* Preview Content */,
			);
			path = dropIn;
			sourceTree = "<group>";
		};
		9A6BDC3028D5AD7B007EB9F9 /* Preview Content */ = {
			isa = PBXGroup;
			children = (
				9A6BDC3128D5AD7B007EB9F9 /* Preview Assets.xcassets */,
			);
			path = "Preview Content";
			sourceTree = "<group>";
		};
		9A6BDC3A28D5AD7B007EB9F9 /* dropInTests */ = {
			isa = PBXGroup;
			children = (
				9A6BDC3B28D5AD7B007EB9F9 /* dropInTests.swift */,
			);
			path = dropInTests;
			sourceTree = "<group>";
		};
		9A6BDC4428D5AD7B007EB9F9 /* dropInUITests */ = {
			isa = PBXGroup;
			children = (
				9A6BDC4528D5AD7B007EB9F9 /* dropInUITests.swift */,
				9A6BDC4728D5AD7B007EB9F9 /* dropInUITestsLaunchTests.swift */,
			);
			path = dropInUITests;
			sourceTree = "<group>";
		};
		9ACDD69828E5383000A150CD /* Model */ = {
			isa = PBXGroup;
			children = (
				9ACDD6B028E572B000A150CD /* AuthManager.swift */,
				9ACDD69928E5384500A150CD /* User.swift */,
				9ACDD6AC28E5533E00A150CD /* Card.swift */,
			);
			path = Model;
			sourceTree = "<group>";
		};
		9ACDD69B28E538B800A150CD /* View */ = {
			isa = PBXGroup;
			children = (
				9A6BDC2B28D5AD7A007EB9F9 /* ContentView.swift */,
				9A6BDC5428D83213007EB9F9 /* WelcomeView.swift */,
				9ACDD68C28DBAC2100A150CD /* LoginView.swift */,
				9ACDD69428DD77DF00A150CD /* SignupView.swift */,
				9ACDD6A028E547AD00A150CD /* MainView.swift */,
				9ACDD6A428E547D300A150CD /* HomeView.swift */,
				9ACDD69C28E5473C00A150CD /* ProfileView.swift */,
				9ACDD6A828E5531F00A150CD /* CardView.swift */,
				9ACDD6B428E672D500A150CD /* NearbyView.swift */,
			);
			path = View;
			sourceTree = "<group>";
		};
/* End PBXGroup section */

/* Begin PBXNativeTarget section */
		9A6BDC2528D5AD7A007EB9F9 /* dropIn */ = {
			isa = PBXNativeTarget;
			buildConfigurationList = 9A6BDC4B28D5AD7B007EB9F9 /* Build configuration list for PBXNativeTarget "dropIn" */;
			buildPhases = (
				9A6BDC2228D5AD7A007EB9F9 /* Sources */,
				9A6BDC2328D5AD7A007EB9F9 /* Frameworks */,
				9A6BDC2428D5AD7A007EB9F9 /* Resources */,
			);
			buildRules = (
			);
			dependencies = (
			);
			name = dropIn;
			packageProductDependencies = (
				9ACDD67F28DBA06900A150CD /* FirebaseAnalytics */,
				9ACDD68128DBA06900A150CD /* FirebaseAuth */,
				9ACDD68328DBA06900A150CD /* FirebaseDatabase */,
				9ACDD68528DBA06900A150CD /* FirebaseFirestore */,
				9ACDD68728DBA06900A150CD /* FirebaseStorage */,
				9ACDD68A28DBAA3D00A150CD /* SwiftUISegues */,
			);
			productName = dropIn;
			productReference = 9A6BDC2628D5AD7A007EB9F9 /* dropIn.app */;
			productType = "com.apple.product-type.application";
		};
		9A6BDC3628D5AD7B007EB9F9 /* dropInTests */ = {
			isa = PBXNativeTarget;
			buildConfigurationList = 9A6BDC4E28D5AD7B007EB9F9 /* Build configuration list for PBXNativeTarget "dropInTests" */;
			buildPhases = (
				9A6BDC3328D5AD7B007EB9F9 /* Sources */,
				9A6BDC3428D5AD7B007EB9F9 /* Frameworks */,
				9A6BDC3528D5AD7B007EB9F9 /* Resources */,
			);
			buildRules = (
			);
			dependencies = (
				9A6BDC3928D5AD7B007EB9F9 /* PBXTargetDependency */,
			);
			name = dropInTests;
			productName = dropInTests;
			productReference = 9A6BDC3728D5AD7B007EB9F9 /* dropInTests.xctest */;
			productType = "com.apple.product-type.bundle.unit-test";
		};
		9A6BDC4028D5AD7B007EB9F9 /* dropInUITests */ = {
			isa = PBXNativeTarget;
			buildConfigurationList = 9A6BDC5128D5AD7B007EB9F9 /* Build configuration list for PBXNativeTarget "dropInUITests" */;
			buildPhases = (
				9A6BDC3D28D5AD7B007EB9F9 /* Sources */,
				9A6BDC3E28D5AD7B007EB9F9 /* Frameworks */,
				9A6BDC3F28D5AD7B007EB9F9 /* Resources */,
			);
			buildRules = (
			);
			dependencies = (
				9A6BDC4328D5AD7B007EB9F9 /* PBXTargetDependency */,
			);
			name = dropInUITests;
			productName = dropInUITests;
			productReference = 9A6BDC4128D5AD7B007EB9F9 /* dropInUITests.xctest */;
			productType = "com.apple.product-type.bundle.ui-testing";
		};
/* End PBXNativeTarget section */

/* Begin PBXProject section */
		9A6BDC1E28D5AD7A007EB9F9 /* Project object */ = {
			isa = PBXProject;
			attributes = {
				BuildIndependentTargetsInParallel = 1;
				LastSwiftUpdateCheck = 1400;
				LastUpgradeCheck = 1400;
				TargetAttributes = {
					9A6BDC2528D5AD7A007EB9F9 = {
						CreatedOnToolsVersion = 14.0;
					};
					9A6BDC3628D5AD7B007EB9F9 = {
						CreatedOnToolsVersion = 14.0;
						TestTargetID = 9A6BDC2528D5AD7A007EB9F9;
					};
					9A6BDC4028D5AD7B007EB9F9 = {
						CreatedOnToolsVersion = 14.0;
						TestTargetID = 9A6BDC2528D5AD7A007EB9F9;
					};
				};
			};
			buildConfigurationList = 9A6BDC2128D5AD7A007EB9F9 /* Build configuration list for PBXProject "dropIn" */;
			compatibilityVersion = "Xcode 14.0";
			developmentRegion = en;
			hasScannedForEncodings = 0;
			knownRegions = (
				en,
				Base,
			);
			mainGroup = 9A6BDC1D28D5AD7A007EB9F9;
			packageReferences = (
				9ACDD67E28DBA06900A150CD /* XCRemoteSwiftPackageReference "firebase-ios-sdk" */,
				9ACDD68928DBAA3D00A150CD /* XCRemoteSwiftPackageReference "swiftui-segues" */,
			);
			productRefGroup = 9A6BDC2728D5AD7A007EB9F9 /* Products */;
			projectDirPath = "";
			projectRoot = "";
			targets = (
				9A6BDC2528D5AD7A007EB9F9 /* dropIn */,
				9A6BDC3628D5AD7B007EB9F9 /* dropInTests */,
				9A6BDC4028D5AD7B007EB9F9 /* dropInUITests */,
			);
		};
/* End PBXProject section */

/* Begin PBXResourcesBuildPhase section */
		9A6BDC2428D5AD7A007EB9F9 /* Resources */ = {
			isa = PBXResourcesBuildPhase;
			buildActionMask = 2147483647;
			files = (
				9A6BDC3228D5AD7B007EB9F9 /* Preview Assets.xcassets in Resources */,
				9A6BDC2E28D5AD7B007EB9F9 /* Assets.xcassets in Resources */,
				9ACDD67D28DB9E5E00A150CD /* GoogleService-Info.plist in Resources */,
			);
			runOnlyForDeploymentPostprocessing = 0;
		};
		9A6BDC3528D5AD7B007EB9F9 /* Resources */ = {
			isa = PBXResourcesBuildPhase;
			buildActionMask = 2147483647;
			files = (
			);
			runOnlyForDeploymentPostprocessing = 0;
		};
		9A6BDC3F28D5AD7B007EB9F9 /* Resources */ = {
			isa = PBXResourcesBuildPhase;
			buildActionMask = 2147483647;
			files = (
			);
			runOnlyForDeploymentPostprocessing = 0;
		};
/* End PBXResourcesBuildPhase section */

/* Begin PBXSourcesBuildPhase section */
		9A6BDC2228D5AD7A007EB9F9 /* Sources */ = {
			isa = PBXSourcesBuildPhase;
			buildActionMask = 2147483647;
			files = (
				9ACDD6B528E672D500A150CD /* NearbyView.swift in Sources */,
				9ACDD6A528E547D300A150CD /* HomeView.swift in Sources */,
				9ACDD6B128E572B000A150CD /* AuthManager.swift in Sources */,
				9ACDD69D28E5473C00A150CD /* ProfileView.swift in Sources */,
				9ACDD6A128E547AD00A150CD /* MainView.swift in Sources */,
				9ACDD69528DD77DF00A150CD /* SignupView.swift in Sources */,
				9ACDD6A928E5531F00A150CD /* CardView.swift in Sources */,
				9A6BDC2C28D5AD7A007EB9F9 /* ContentView.swift in Sources */,
				9A6BDC5528D83213007EB9F9 /* WelcomeView.swift in Sources */,
				9ACDD68D28DBAC2100A150CD /* LoginView.swift in Sources */,
				9A6BDC2A28D5AD7A007EB9F9 /* dropInApp.swift in Sources */,
				9ACDD69A28E5384500A150CD /* User.swift in Sources */,
				9ACDD6AD28E5533E00A150CD /* Card.swift in Sources */,
			);
			runOnlyForDeploymentPostprocessing = 0;
		};
		9A6BDC3328D5AD7B007EB9F9 /* Sources */ = {
			isa = PBXSourcesBuildPhase;
			buildActionMask = 2147483647;
			files = (
				9ACDD6AA28E5531F00A150CD /* CardView.swift in Sources */,
				9ACDD6B628E672D500A150CD /* NearbyView.swift in Sources */,
				9ACDD6B228E572B000A150CD /* AuthManager.swift in Sources */,
				9ACDD69628DD77DF00A150CD /* SignupView.swift in Sources */,
				9ACDD69E28E5473C00A150CD /* ProfileView.swift in Sources */,
				9ACDD68E28DBAC2100A150CD /* LoginView.swift in Sources */,
				9ACDD6A628E547D300A150CD /* HomeView.swift in Sources */,
				9ACDD6A228E547AD00A150CD /* MainView.swift in Sources */,
				9A6BDC3C28D5AD7B007EB9F9 /* dropInTests.swift in Sources */,
				9ACDD6AE28E5533E00A150CD /* Card.swift in Sources */,
			);
			runOnlyForDeploymentPostprocessing = 0;
		};
		9A6BDC3D28D5AD7B007EB9F9 /* Sources */ = {
			isa = PBXSourcesBuildPhase;
			buildActionMask = 2147483647;
			files = (
				9ACDD6B728E672D500A150CD /* NearbyView.swift in Sources */,
				9ACDD68F28DBAC2100A150CD /* LoginView.swift in Sources */,
				9ACDD6AF28E5533E00A150CD /* Card.swift in Sources */,
				9ACDD6A728E547D300A150CD /* HomeView.swift in Sources */,
				9ACDD6A328E547AD00A150CD /* MainView.swift in Sources */,
				9A6BDC4828D5AD7B007EB9F9 /* dropInUITestsLaunchTests.swift in Sources */,
				9A6BDC4628D5AD7B007EB9F9 /* dropInUITests.swift in Sources */,
				9ACDD69F28E5473C00A150CD /* ProfileView.swift in Sources */,
				9ACDD6AB28E5531F00A150CD /* CardView.swift in Sources */,
				9ACDD69728DD77DF00A150CD /* SignupView.swift in Sources */,
				9ACDD6B328E572B000A150CD /* AuthManager.swift in Sources */,
			);
			runOnlyForDeploymentPostprocessing = 0;
		};
/* End PBXSourcesBuildPhase section */

/* Begin PBXTargetDependency section */
		9A6BDC3928D5AD7B007EB9F9 /* PBXTargetDependency */ = {
			isa = PBXTargetDependency;
			target = 9A6BDC2528D5AD7A007EB9F9 /* dropIn */;
			targetProxy = 9A6BDC3828D5AD7B007EB9F9 /* PBXContainerItemProxy */;
		};
		9A6BDC4328D5AD7B007EB9F9 /* PBXTargetDependency */ = {
			isa = PBXTargetDependency;
			target = 9A6BDC2528D5AD7A007EB9F9 /* dropIn */;
			targetProxy = 9A6BDC4228D5AD7B007EB9F9 /* PBXContainerItemProxy */;
		};
/* End PBXTargetDependency section */

/* Begin XCBuildConfiguration section */
		9A6BDC4928D5AD7B007EB9F9 /* Debug */ = {
			isa = XCBuildConfiguration;
			buildSettings = {
				ALWAYS_SEARCH_USER_PATHS = NO;
				CLANG_ANALYZER_NONNULL = YES;
				CLANG_ANALYZER_NUMBER_OBJECT_CONVERSION = YES_AGGRESSIVE;
				CLANG_CXX_LANGUAGE_STANDARD = "gnu++20";
				CLANG_ENABLE_MODULES = YES;
				CLANG_ENABLE_OBJC_ARC = YES;
				CLANG_ENABLE_OBJC_WEAK = YES;
				CLANG_WARN_BLOCK_CAPTURE_AUTORELEASING = YES;
				CLANG_WARN_BOOL_CONVERSION = YES;
				CLANG_WARN_COMMA = YES;
				CLANG_WARN_CONSTANT_CONVERSION = YES;
				CLANG_WARN_DEPRECATED_OBJC_IMPLEMENTATIONS = YES;
				CLANG_WARN_DIRECT_OBJC_ISA_USAGE = YES_ERROR;
				CLANG_WARN_DOCUMENTATION_COMMENTS = YES;
				CLANG_WARN_EMPTY_BODY = YES;
				CLANG_WARN_ENUM_CONVERSION = YES;
				CLANG_WARN_INFINITE_RECURSION = YES;
				CLANG_WARN_INT_CONVERSION = YES;
				CLANG_WARN_NON_LITERAL_NULL_CONVERSION = YES;
				CLANG_WARN_OBJC_IMPLICIT_RETAIN_SELF = YES;
				CLANG_WARN_OBJC_LITERAL_CONVERSION = YES;
				CLANG_WARN_OBJC_ROOT_CLASS = YES_ERROR;
				CLANG_WARN_QUOTED_INCLUDE_IN_FRAMEWORK_HEADER = YES;
				CLANG_WARN_RANGE_LOOP_ANALYSIS = YES;
				CLANG_WARN_STRICT_PROTOTYPES = YES;
				CLANG_WARN_SUSPICIOUS_MOVE = YES;
				CLANG_WARN_UNGUARDED_AVAILABILITY = YES_AGGRESSIVE;
				CLANG_WARN_UNREACHABLE_CODE = YES;
				CLANG_WARN__DUPLICATE_METHOD_MATCH = YES;
				COPY_PHASE_STRIP = NO;
				DEBUG_INFORMATION_FORMAT = dwarf;
				ENABLE_STRICT_OBJC_MSGSEND = YES;
				ENABLE_TESTABILITY = YES;
				GCC_C_LANGUAGE_STANDARD = gnu11;
				GCC_DYNAMIC_NO_PIC = NO;
				GCC_NO_COMMON_BLOCKS = YES;
				GCC_OPTIMIZATION_LEVEL = 0;
				GCC_PREPROCESSOR_DEFINITIONS = (
					"DEBUG=1",
					"$(inherited)",
				);
				GCC_WARN_64_TO_32_BIT_CONVERSION = YES;
				GCC_WARN_ABOUT_RETURN_TYPE = YES_ERROR;
				GCC_WARN_UNDECLARED_SELECTOR = YES;
				GCC_WARN_UNINITIALIZED_AUTOS = YES_AGGRESSIVE;
				GCC_WARN_UNUSED_FUNCTION = YES;
				GCC_WARN_UNUSED_VARIABLE = YES;
				MTL_ENABLE_DEBUG_INFO = INCLUDE_SOURCE;
				MTL_FAST_MATH = YES;
				ONLY_ACTIVE_ARCH = YES;
				SWIFT_ACTIVE_COMPILATION_CONDITIONS = DEBUG;
				SWIFT_OPTIMIZATION_LEVEL = "-Onone";
			};
			name = Debug;
		};
		9A6BDC4A28D5AD7B007EB9F9 /* Release */ = {
			isa = XCBuildConfiguration;
			buildSettings = {
				ALWAYS_SEARCH_USER_PATHS = NO;
				CLANG_ANALYZER_NONNULL = YES;
				CLANG_ANALYZER_NUMBER_OBJECT_CONVERSION = YES_AGGRESSIVE;
				CLANG_CXX_LANGUAGE_STANDARD = "gnu++20";
				CLANG_ENABLE_MODULES = YES;
				CLANG_ENABLE_OBJC_ARC = YES;
				CLANG_ENABLE_OBJC_WEAK = YES;
				CLANG_WARN_BLOCK_CAPTURE_AUTORELEASING = YES;
				CLANG_WARN_BOOL_CONVERSION = YES;
				CLANG_WARN_COMMA = YES;
				CLANG_WARN_CONSTANT_CONVERSION = YES;
				CLANG_WARN_DEPRECATED_OBJC_IMPLEMENTATIONS = YES;
				CLANG_WARN_DIRECT_OBJC_ISA_USAGE = YES_ERROR;
				CLANG_WARN_DOCUMENTATION_COMMENTS = YES;
				CLANG_WARN_EMPTY_BODY = YES;
				CLANG_WARN_ENUM_CONVERSION = YES;
				CLANG_WARN_INFINITE_RECURSION = YES;
				CLANG_WARN_INT_CONVERSION = YES;
				CLANG_WARN_NON_LITERAL_NULL_CONVERSION = YES;
				CLANG_WARN_OBJC_IMPLICIT_RETAIN_SELF = YES;
				CLANG_WARN_OBJC_LITERAL_CONVERSION = YES;
				CLANG_WARN_OBJC_ROOT_CLASS = YES_ERROR;
				CLANG_WARN_QUOTED_INCLUDE_IN_FRAMEWORK_HEADER = YES;
				CLANG_WARN_RANGE_LOOP_ANALYSIS = YES;
				CLANG_WARN_STRICT_PROTOTYPES = YES;
				CLANG_WARN_SUSPICIOUS_MOVE = YES;
				CLANG_WARN_UNGUARDED_AVAILABILITY = YES_AGGRESSIVE;
				CLANG_WARN_UNREACHABLE_CODE = YES;
				CLANG_WARN__DUPLICATE_METHOD_MATCH = YES;
				COPY_PHASE_STRIP = NO;
				DEBUG_INFORMATION_FORMAT = "dwarf-with-dsym";
				ENABLE_NS_ASSERTIONS = NO;
				ENABLE_STRICT_OBJC_MSGSEND = YES;
				GCC_C_LANGUAGE_STANDARD = gnu11;
				GCC_NO_COMMON_BLOCKS = YES;
				GCC_WARN_64_TO_32_BIT_CONVERSION = YES;
				GCC_WARN_ABOUT_RETURN_TYPE = YES_ERROR;
				GCC_WARN_UNDECLARED_SELECTOR = YES;
				GCC_WARN_UNINITIALIZED_AUTOS = YES_AGGRESSIVE;
				GCC_WARN_UNUSED_FUNCTION = YES;
				GCC_WARN_UNUSED_VARIABLE = YES;
				MTL_ENABLE_DEBUG_INFO = NO;
				MTL_FAST_MATH = YES;
				SWIFT_COMPILATION_MODE = wholemodule;
				SWIFT_OPTIMIZATION_LEVEL = "-O";
			};
			name = Release;
		};
		9A6BDC4C28D5AD7B007EB9F9 /* Debug */ = {
			isa = XCBuildConfiguration;
			buildSettings = {
				ASSETCATALOG_COMPILER_APPICON_NAME = AppIcon;
				ASSETCATALOG_COMPILER_GLOBAL_ACCENT_COLOR_NAME = AccentColor;
				CODE_SIGN_ENTITLEMENTS = dropIn/dropIn.entitlements;
				CODE_SIGN_STYLE = Automatic;
				CURRENT_PROJECT_VERSION = 1;
				DEVELOPMENT_ASSET_PATHS = "\"dropIn/Preview Content\"";
				DEVELOPMENT_TEAM = JZ3P6M2M77;
				ENABLE_HARDENED_RUNTIME = YES;
				ENABLE_PREVIEWS = YES;
				GENERATE_INFOPLIST_FILE = YES;
				"INFOPLIST_KEY_UIApplicationSceneManifest_Generation[sdk=iphoneos*]" = YES;
				"INFOPLIST_KEY_UIApplicationSceneManifest_Generation[sdk=iphonesimulator*]" = YES;
				"INFOPLIST_KEY_UIApplicationSupportsIndirectInputEvents[sdk=iphoneos*]" = YES;
				"INFOPLIST_KEY_UIApplicationSupportsIndirectInputEvents[sdk=iphonesimulator*]" = YES;
				"INFOPLIST_KEY_UILaunchScreen_Generation[sdk=iphoneos*]" = YES;
				"INFOPLIST_KEY_UILaunchScreen_Generation[sdk=iphonesimulator*]" = YES;
				"INFOPLIST_KEY_UIStatusBarStyle[sdk=iphoneos*]" = UIStatusBarStyleDefault;
				"INFOPLIST_KEY_UIStatusBarStyle[sdk=iphonesimulator*]" = UIStatusBarStyleDefault;
				INFOPLIST_KEY_UISupportedInterfaceOrientations_iPad = "UIInterfaceOrientationPortrait UIInterfaceOrientationPortraitUpsideDown UIInterfaceOrientationLandscapeLeft UIInterfaceOrientationLandscapeRight";
				INFOPLIST_KEY_UISupportedInterfaceOrientations_iPhone = "UIInterfaceOrientationPortrait UIInterfaceOrientationLandscapeLeft UIInterfaceOrientationLandscapeRight";
				IPHONEOS_DEPLOYMENT_TARGET = 16.0;
				LD_RUNPATH_SEARCH_PATHS = "@executable_path/Frameworks";
				"LD_RUNPATH_SEARCH_PATHS[sdk=macosx*]" = "@executable_path/../Frameworks";
				MACOSX_DEPLOYMENT_TARGET = 12.3;
				MARKETING_VERSION = 1.0;
				PRODUCT_BUNDLE_IDENTIFIER = com.dropIn.app.dropIn;
				PRODUCT_NAME = "$(TARGET_NAME)";
				SDKROOT = auto;
				SUPPORTED_PLATFORMS = "iphoneos iphonesimulator macosx";
				SWIFT_EMIT_LOC_STRINGS = YES;
				SWIFT_VERSION = 5.0;
				TARGETED_DEVICE_FAMILY = "1,2";
			};
			name = Debug;
		};
		9A6BDC4D28D5AD7B007EB9F9 /* Release */ = {
			isa = XCBuildConfiguration;
			buildSettings = {
				ASSETCATALOG_COMPILER_APPICON_NAME = AppIcon;
				ASSETCATALOG_COMPILER_GLOBAL_ACCENT_COLOR_NAME = AccentColor;
				CODE_SIGN_ENTITLEMENTS = dropIn/dropIn.entitlements;
				CODE_SIGN_STYLE = Automatic;
				CURRENT_PROJECT_VERSION = 1;
				DEVELOPMENT_ASSET_PATHS = "\"dropIn/Preview Content\"";
				DEVELOPMENT_TEAM = JZ3P6M2M77;
				ENABLE_HARDENED_RUNTIME = YES;
				ENABLE_PREVIEWS = YES;
				GENERATE_INFOPLIST_FILE = YES;
				"INFOPLIST_KEY_UIApplicationSceneManifest_Generation[sdk=iphoneos*]" = YES;
				"INFOPLIST_KEY_UIApplicationSceneManifest_Generation[sdk=iphonesimulator*]" = YES;
				"INFOPLIST_KEY_UIApplicationSupportsIndirectInputEvents[sdk=iphoneos*]" = YES;
				"INFOPLIST_KEY_UIApplicationSupportsIndirectInputEvents[sdk=iphonesimulator*]" = YES;
				"INFOPLIST_KEY_UILaunchScreen_Generation[sdk=iphoneos*]" = YES;
				"INFOPLIST_KEY_UILaunchScreen_Generation[sdk=iphonesimulator*]" = YES;
				"INFOPLIST_KEY_UIStatusBarStyle[sdk=iphoneos*]" = UIStatusBarStyleDefault;
				"INFOPLIST_KEY_UIStatusBarStyle[sdk=iphonesimulator*]" = UIStatusBarStyleDefault;
				INFOPLIST_KEY_UISupportedInterfaceOrientations_iPad = "UIInterfaceOrientationPortrait UIInterfaceOrientationPortraitUpsideDown UIInterfaceOrientationLandscapeLeft UIInterfaceOrientationLandscapeRight";
				INFOPLIST_KEY_UISupportedInterfaceOrientations_iPhone = "UIInterfaceOrientationPortrait UIInterfaceOrientationLandscapeLeft UIInterfaceOrientationLandscapeRight";
				IPHONEOS_DEPLOYMENT_TARGET = 16.0;
				LD_RUNPATH_SEARCH_PATHS = "@executable_path/Frameworks";
				"LD_RUNPATH_SEARCH_PATHS[sdk=macosx*]" = "@executable_path/../Frameworks";
				MACOSX_DEPLOYMENT_TARGET = 12.3;
				MARKETING_VERSION = 1.0;
				PRODUCT_BUNDLE_IDENTIFIER = com.dropIn.app.dropIn;
				PRODUCT_NAME = "$(TARGET_NAME)";
				SDKROOT = auto;
				SUPPORTED_PLATFORMS = "iphoneos iphonesimulator macosx";
				SWIFT_EMIT_LOC_STRINGS = YES;
				SWIFT_VERSION = 5.0;
				TARGETED_DEVICE_FAMILY = "1,2";
			};
			name = Release;
		};
		9A6BDC4F28D5AD7B007EB9F9 /* Debug */ = {
			isa = XCBuildConfiguration;
			buildSettings = {
				ALWAYS_EMBED_SWIFT_STANDARD_LIBRARIES = YES;
				BUNDLE_LOADER = "$(TEST_HOST)";
				CODE_SIGN_STYLE = Automatic;
				CURRENT_PROJECT_VERSION = 1;
				DEVELOPMENT_TEAM = JZ3P6M2M77;
				GENERATE_INFOPLIST_FILE = YES;
				IPHONEOS_DEPLOYMENT_TARGET = 16.0;
				MACOSX_DEPLOYMENT_TARGET = 12.3;
				MARKETING_VERSION = 1.0;
				PRODUCT_BUNDLE_IDENTIFIER = com.dropIn.app.dropInTests;
				PRODUCT_NAME = "$(TARGET_NAME)";
				SDKROOT = auto;
				SUPPORTED_PLATFORMS = "iphoneos iphonesimulator macosx";
				SWIFT_EMIT_LOC_STRINGS = NO;
				SWIFT_VERSION = 5.0;
				TARGETED_DEVICE_FAMILY = "1,2";
				TEST_HOST = "$(BUILT_PRODUCTS_DIR)/dropIn.app/$(BUNDLE_EXECUTABLE_FOLDER_PATH)/dropIn";
			};
			name = Debug;
		};
		9A6BDC5028D5AD7B007EB9F9 /* Release */ = {
			isa = XCBuildConfiguration;
			buildSettings = {
				ALWAYS_EMBED_SWIFT_STANDARD_LIBRARIES = YES;
				BUNDLE_LOADER = "$(TEST_HOST)";
				CODE_SIGN_STYLE = Automatic;
				CURRENT_PROJECT_VERSION = 1;
				DEVELOPMENT_TEAM = JZ3P6M2M77;
				GENERATE_INFOPLIST_FILE = YES;
				IPHONEOS_DEPLOYMENT_TARGET = 16.0;
				MACOSX_DEPLOYMENT_TARGET = 12.3;
				MARKETING_VERSION = 1.0;
				PRODUCT_BUNDLE_IDENTIFIER = com.dropIn.app.dropInTests;
				PRODUCT_NAME = "$(TARGET_NAME)";
				SDKROOT = auto;
				SUPPORTED_PLATFORMS = "iphoneos iphonesimulator macosx";
				SWIFT_EMIT_LOC_STRINGS = NO;
				SWIFT_VERSION = 5.0;
				TARGETED_DEVICE_FAMILY = "1,2";
				TEST_HOST = "$(BUILT_PRODUCTS_DIR)/dropIn.app/$(BUNDLE_EXECUTABLE_FOLDER_PATH)/dropIn";
			};
			name = Release;
		};
		9A6BDC5228D5AD7B007EB9F9 /* Debug */ = {
			isa = XCBuildConfiguration;
			buildSettings = {
				ALWAYS_EMBED_SWIFT_STANDARD_LIBRARIES = YES;
				CODE_SIGN_STYLE = Automatic;
				CURRENT_PROJECT_VERSION = 1;
				DEVELOPMENT_TEAM = JZ3P6M2M77;
				GENERATE_INFOPLIST_FILE = YES;
				IPHONEOS_DEPLOYMENT_TARGET = 16.0;
				MACOSX_DEPLOYMENT_TARGET = 12.3;
				MARKETING_VERSION = 1.0;
				PRODUCT_BUNDLE_IDENTIFIER = com.dropIn.app.dropInUITests;
				PRODUCT_NAME = "$(TARGET_NAME)";
				SDKROOT = auto;
				SUPPORTED_PLATFORMS = "iphoneos iphonesimulator macosx";
				SWIFT_EMIT_LOC_STRINGS = NO;
				SWIFT_VERSION = 5.0;
				TARGETED_DEVICE_FAMILY = "1,2";
				TEST_TARGET_NAME = dropIn;
			};
			name = Debug;
		};
		9A6BDC5328D5AD7B007EB9F9 /* Release */ = {
			isa = XCBuildConfiguration;
			buildSettings = {
				ALWAYS_EMBED_SWIFT_STANDARD_LIBRARIES = YES;
				CODE_SIGN_STYLE = Automatic;
				CURRENT_PROJECT_VERSION = 1;
				DEVELOPMENT_TEAM = JZ3P6M2M77;
				GENERATE_INFOPLIST_FILE = YES;
				IPHONEOS_DEPLOYMENT_TARGET = 16.0;
				MACOSX_DEPLOYMENT_TARGET = 12.3;
				MARKETING_VERSION = 1.0;
				PRODUCT_BUNDLE_IDENTIFIER = com.dropIn.app.dropInUITests;
				PRODUCT_NAME = "$(TARGET_NAME)";
				SDKROOT = auto;
				SUPPORTED_PLATFORMS = "iphoneos iphonesimulator macosx";
				SWIFT_EMIT_LOC_STRINGS = NO;
				SWIFT_VERSION = 5.0;
				TARGETED_DEVICE_FAMILY = "1,2";
				TEST_TARGET_NAME = dropIn;
			};
			name = Release;
		};
/* End XCBuildConfiguration section */

/* Begin XCConfigurationList section */
		9A6BDC2128D5AD7A007EB9F9 /* Build configuration list for PBXProject "dropIn" */ = {
			isa = XCConfigurationList;
			buildConfigurations = (
				9A6BDC4928D5AD7B007EB9F9 /* Debug */,
				9A6BDC4A28D5AD7B007EB9F9 /* Release */,
			);
			defaultConfigurationIsVisible = 0;
			defaultConfigurationName = Release;
		};
		9A6BDC4B28D5AD7B007EB9F9 /* Build configuration list for PBXNativeTarget "dropIn" */ = {
			isa = XCConfigurationList;
			buildConfigurations = (
				9A6BDC4C28D5AD7B007EB9F9 /* Debug */,
				9A6BDC4D28D5AD7B007EB9F9 /* Release */,
			);
			defaultConfigurationIsVisible = 0;
			defaultConfigurationName = Release;
		};
		9A6BDC4E28D5AD7B007EB9F9 /* Build configuration list for PBXNativeTarget "dropInTests" */ = {
			isa = XCConfigurationList;
			buildConfigurations = (
				9A6BDC4F28D5AD7B007EB9F9 /* Debug */,
				9A6BDC5028D5AD7B007EB9F9 /* Release */,
			);
			defaultConfigurationIsVisible = 0;
			defaultConfigurationName = Release;
		};
		9A6BDC5128D5AD7B007EB9F9 /* Build configuration list for PBXNativeTarget "dropInUITests" */ = {
			isa = XCConfigurationList;
			buildConfigurations = (
				9A6BDC5228D5AD7B007EB9F9 /* Debug */,
				9A6BDC5328D5AD7B007EB9F9 /* Release */,
			);
			defaultConfigurationIsVisible = 0;
			defaultConfigurationName = Release;
		};
/* End XCConfigurationList section */

/* Begin XCRemoteSwiftPackageReference section */
		9ACDD67E28DBA06900A150CD /* XCRemoteSwiftPackageReference "firebase-ios-sdk" */ = {
			isa = XCRemoteSwiftPackageReference;
			repositoryURL = "https://github.com/firebase/firebase-ios-sdk.git";
			requirement = {
				kind = upToNextMajorVersion;
				minimumVersion = 9.0.0;
			};
		};
		9ACDD68928DBAA3D00A150CD /* XCRemoteSwiftPackageReference "swiftui-segues" */ = {
			isa = XCRemoteSwiftPackageReference;
			repositoryURL = "https://github.com/globulus/swiftui-segues";
			requirement = {
				kind = upToNextMajorVersion;
				minimumVersion = 1.0.0;
			};
		};
/* End XCRemoteSwiftPackageReference section */

/* Begin XCSwiftPackageProductDependency section */
		9ACDD67F28DBA06900A150CD /* FirebaseAnalytics */ = {
			isa = XCSwiftPackageProductDependency;
			package = 9ACDD67E28DBA06900A150CD /* XCRemoteSwiftPackageReference "firebase-ios-sdk" */;
			productName = FirebaseAnalytics;
		};
		9ACDD68128DBA06900A150CD /* FirebaseAuth */ = {
			isa = XCSwiftPackageProductDependency;
			package = 9ACDD67E28DBA06900A150CD /* XCRemoteSwiftPackageReference "firebase-ios-sdk" */;
			productName = FirebaseAuth;
		};
		9ACDD68328DBA06900A150CD /* FirebaseDatabase */ = {
			isa = XCSwiftPackageProductDependency;
			package = 9ACDD67E28DBA06900A150CD /* XCRemoteSwiftPackageReference "firebase-ios-sdk" */;
			productName = FirebaseDatabase;
		};
		9ACDD68528DBA06900A150CD /* FirebaseFirestore */ = {
			isa = XCSwiftPackageProductDependency;
			package = 9ACDD67E28DBA06900A150CD /* XCRemoteSwiftPackageReference "firebase-ios-sdk" */;
			productName = FirebaseFirestore;
		};
		9ACDD68728DBA06900A150CD /* FirebaseStorage */ = {
			isa = XCSwiftPackageProductDependency;
			package = 9ACDD67E28DBA06900A150CD /* XCRemoteSwiftPackageReference "firebase-ios-sdk" */;
			productName = FirebaseStorage;
		};
		9ACDD68A28DBAA3D00A150CD /* SwiftUISegues */ = {
			isa = XCSwiftPackageProductDependency;
			package = 9ACDD68928DBAA3D00A150CD /* XCRemoteSwiftPackageReference "swiftui-segues" */;
			productName = SwiftUISegues;
		};
/* End XCSwiftPackageProductDependency section */
	};
	rootObject = 9A6BDC1E28D5AD7A007EB9F9 /* Project object */;
}
